
Microsoft Visual Studio Solution File, Format Version 12.00
# Visual Studio 2013
VisualStudioVersion = 12.0.30723.0
MinimumVisualStudioVersion = 10.0.40219.1
Project("{FAE04EC0-301F-11D3-BF4B-00C04F79EFBC}") = "ConsoleApplication1", "ConsoleApplication1\ConsoleApplication1.csproj", "{154C9091-11B9-4E5C-9DF6-56BF7DFB9FCD}"
EndProject
Project("{FAE04EC0-301F-11D3-BF4B-00C04F79EFBC}") = "ControlFlow", "ControlFlow\ControlFlow.csproj", "{199BFA52-04E9-4646-9F1F-3B4C00029CAE}"
EndProject
Project("{FAE04EC0-301F-11D3-BF4B-00C04F79EFBC}") = "Types", "ConsoleApplication3\Types.csproj", "{628B87EB-AE63-43B2-84A8-7D64469A84BA}"
EndProject
Project("{FAE04EC0-301F-11D3-BF4B-00C04F79EFBC}") = "StringsAndStringBuilder", "StringBuilder\StringsAndStringBuilder.csproj", "{A4DD7629-01FA-4D64-B462-3F3BFA911AF6}"
EndProject
Project("{FAE04EC0-301F-11D3-BF4B-00C04F79EFBC}") = "CodeReflection", "Reflection\CodeReflection.csproj", "{2A03F861-DE94-42E6-A34E-5CCC5F968492}"
EndProject
Project("{FAE04EC0-301F-11D3-BF4B-00C04F79EFBC}") = "GarbageCollection", "GarbageCollection\GarbageCollection.csproj", "{ADF500F5-C86C-4742-9454-F9284BFA542C}"
EndProject
Project("{FAE04EC0-301F-11D3-BF4B-00C04F79EFBC}") = "TypeAndValueValidation", "TypeAndValueValidation\TypeAndValueValidation.csproj", "{F80EB65A-86B8-4E49-81FE-1DDE95B4952D}"
EndProject
Project("{FAE04EC0-301F-11D3-BF4B-00C04F79EFBC}") = "HandlingExceptions", "HandlingExceptions\HandlingExceptions.csproj", "{15F2F645-ADF2-4B27-B8A8-C070FC113726}"
EndProject
Project("{2150E333-8FDC-42A3-9474-1A3956D46DE8}") = "EncryptionTechniques", "EncryptionTechniques", "{4E712D48-F284-4425-BD6F-F10AAAE496AC}"
EndProject
Project("{FAE04EC0-301F-11D3-BF4B-00C04F79EFBC}") = "FileEncryption", "FileEncryption\FileEncryption.csproj", "{1BB0D1A3-DA2A-4CAA-BF12-C2DF57808169}"
EndProject
Project("{FAE04EC0-301F-11D3-BF4B-00C04F79EFBC}") = "WindowsDataProtection", "WindowsDataProtection\WindowsDataProtection.csproj", "{A88885C3-AE01-4B26-9D97-445C1EF68AB5}"
EndProject
Project("{FAE04EC0-301F-11D3-BF4B-00C04F79EFBC}") = "Hashing", "Hashing\Hashing.csproj", "{E1067831-19E8-45A2-B1CD-8CEE7E628AFD}"
EndProject
Project("{FAE04EC0-301F-11D3-BF4B-00C04F79EFBC}") = "Symmetric", "Symmetric\Symmetric.csproj", "{A6DF9E53-58BB-4D12-9CCE-35CFA8B98161}"
EndProject
Project("{FAE04EC0-301F-11D3-BF4B-00C04F79EFBC}") = "FourEncryptionMethods", "AllEncryptions\FourEncryptionMethods.csproj", "{968CD749-BAA7-46BA-BAD2-EB71AAE49248}"
EndProject
Project("{FAE04EC0-301F-11D3-BF4B-00C04F79EFBC}") = "Asymmetric", "Asymmetric\Asymmetric.csproj", "{0185FAE4-D7CB-4538-81F0-5C4F89A5E761}"
EndProject
Project("{FAE04EC0-301F-11D3-BF4B-00C04F79EFBC}") = "DiagnosticAndPerformance", "DiagnosticAndPerformance\DiagnosticAndPerformance.csproj", "{4BF26696-0C15-49F1-8059-AE32FC678FBC}"
EndProject
Project("{FAE04EC0-301F-11D3-BF4B-00C04F79EFBC}") = "NewVirtualOverride", "NewVirtualOverride\NewVirtualOverride.csproj", "{032C9BA8-E0E3-48F5-A6F3-EDBCF6760F8A}"
EndProject
Project("{FAE04EC0-301F-11D3-BF4B-00C04F79EFBC}") = "FileSystemInteraction", "FileSystemInteraction\FileSystemInteraction.csproj", "{5DE923C0-4AFF-4A35-811D-888C2F8748DE}"
EndProject
Project("{FAE04EC0-301F-11D3-BF4B-00C04F79EFBC}") = "WorkingWithRest", "WorkingWithRest\WorkingWithRest.csproj", "{C0BE349A-9E6E-4FF7-A9AE-6354AC43B293}"
EndProject
Project("{FAE04EC0-301F-11D3-BF4B-00C04F79EFBC}") = "SimpleRestService", "SimpleRestService\SimpleRestService.csproj", "{035B2D02-F827-4D01-9A49-8A3E6EAE5A2E}"
EndProject
Project("{FAE04EC0-301F-11D3-BF4B-00C04F79EFBC}") = "LocalSQLDatabaseApplication", "LocalSQLDatabaseApplication\LocalSQLDatabaseApplication.csproj", "{E800BF28-3667-4A02-B30F-D453CB28BDD3}"
EndProject
Project("{FAE04EC0-301F-11D3-BF4B-00C04F79EFBC}") = "WorkingWithLINQ", "WorkingWithLINQ\WorkingWithLINQ.csproj", "{59CA5BA2-A7DD-4315-A92A-B449E177823F}"
EndProject
Global
	GlobalSection(SolutionConfigurationPlatforms) = preSolution
		Debug|Any CPU = Debug|Any CPU
		Release|Any CPU = Release|Any CPU
	EndGlobalSection
	GlobalSection(ProjectConfigurationPlatforms) = postSolution
		{154C9091-11B9-4E5C-9DF6-56BF7DFB9FCD}.Debug|Any CPU.ActiveCfg = Debug|Any CPU
		{154C9091-11B9-4E5C-9DF6-56BF7DFB9FCD}.Debug|Any CPU.Build.0 = Debug|Any CPU
		{154C9091-11B9-4E5C-9DF6-56BF7DFB9FCD}.Release|Any CPU.ActiveCfg = Release|Any CPU
		{154C9091-11B9-4E5C-9DF6-56BF7DFB9FCD}.Release|Any CPU.Build.0 = Release|Any CPU
		{199BFA52-04E9-4646-9F1F-3B4C00029CAE}.Debug|Any CPU.ActiveCfg = Debug|Any CPU
		{199BFA52-04E9-4646-9F1F-3B4C00029CAE}.Debug|Any CPU.Build.0 = Debug|Any CPU
		{199BFA52-04E9-4646-9F1F-3B4C00029CAE}.Release|Any CPU.ActiveCfg = Release|Any CPU
		{199BFA52-04E9-4646-9F1F-3B4C00029CAE}.Release|Any CPU.Build.0 = Release|Any CPU
		{628B87EB-AE63-43B2-84A8-7D64469A84BA}.Debug|Any CPU.ActiveCfg = Debug|Any CPU
		{628B87EB-AE63-43B2-84A8-7D64469A84BA}.Debug|Any CPU.Build.0 = Debug|Any CPU
		{628B87EB-AE63-43B2-84A8-7D64469A84BA}.Release|Any CPU.ActiveCfg = Release|Any CPU
		{628B87EB-AE63-43B2-84A8-7D64469A84BA}.Release|Any CPU.Build.0 = Release|Any CPU
		{A4DD7629-01FA-4D64-B462-3F3BFA911AF6}.Debug|Any CPU.ActiveCfg = Debug|Any CPU
		{A4DD7629-01FA-4D64-B462-3F3BFA911AF6}.Debug|Any CPU.Build.0 = Debug|Any CPU
		{A4DD7629-01FA-4D64-B462-3F3BFA911AF6}.Release|Any CPU.ActiveCfg = Release|Any CPU
		{A4DD7629-01FA-4D64-B462-3F3BFA911AF6}.Release|Any CPU.Build.0 = Release|Any CPU
		{2A03F861-DE94-42E6-A34E-5CCC5F968492}.Debug|Any CPU.ActiveCfg = Debug|Any CPU
		{2A03F861-DE94-42E6-A34E-5CCC5F968492}.Debug|Any CPU.Build.0 = Debug|Any CPU
		{2A03F861-DE94-42E6-A34E-5CCC5F968492}.Release|Any CPU.ActiveCfg = Release|Any CPU
		{2A03F861-DE94-42E6-A34E-5CCC5F968492}.Release|Any CPU.Build.0 = Release|Any CPU
		{ADF500F5-C86C-4742-9454-F9284BFA542C}.Debug|Any CPU.ActiveCfg = Debug|Any CPU
		{ADF500F5-C86C-4742-9454-F9284BFA542C}.Debug|Any CPU.Build.0 = Debug|Any CPU
		{ADF500F5-C86C-4742-9454-F9284BFA542C}.Release|Any CPU.ActiveCfg = Release|Any CPU
		{ADF500F5-C86C-4742-9454-F9284BFA542C}.Release|Any CPU.Build.0 = Release|Any CPU
		{F80EB65A-86B8-4E49-81FE-1DDE95B4952D}.Debug|Any CPU.ActiveCfg = Debug|Any CPU
		{F80EB65A-86B8-4E49-81FE-1DDE95B4952D}.Debug|Any CPU.Build.0 = Debug|Any CPU
		{F80EB65A-86B8-4E49-81FE-1DDE95B4952D}.Release|Any CPU.ActiveCfg = Release|Any CPU
		{F80EB65A-86B8-4E49-81FE-1DDE95B4952D}.Release|Any CPU.Build.0 = Release|Any CPU
		{15F2F645-ADF2-4B27-B8A8-C070FC113726}.Debug|Any CPU.ActiveCfg = Debug|Any CPU
		{15F2F645-ADF2-4B27-B8A8-C070FC113726}.Debug|Any CPU.Build.0 = Debug|Any CPU
		{15F2F645-ADF2-4B27-B8A8-C070FC113726}.Release|Any CPU.ActiveCfg = Release|Any CPU
		{15F2F645-ADF2-4B27-B8A8-C070FC113726}.Release|Any CPU.Build.0 = Release|Any CPU
		{1BB0D1A3-DA2A-4CAA-BF12-C2DF57808169}.Debug|Any CPU.ActiveCfg = Debug|Any CPU
		{1BB0D1A3-DA2A-4CAA-BF12-C2DF57808169}.Debug|Any CPU.Build.0 = Debug|Any CPU
		{1BB0D1A3-DA2A-4CAA-BF12-C2DF57808169}.Release|Any CPU.ActiveCfg = Release|Any CPU
		{1BB0D1A3-DA2A-4CAA-BF12-C2DF57808169}.Release|Any CPU.Build.0 = Release|Any CPU
		{A88885C3-AE01-4B26-9D97-445C1EF68AB5}.Debug|Any CPU.ActiveCfg = Debug|Any CPU
		{A88885C3-AE01-4B26-9D97-445C1EF68AB5}.Debug|Any CPU.Build.0 = Debug|Any CPU
		{A88885C3-AE01-4B26-9D97-445C1EF68AB5}.Release|Any CPU.ActiveCfg = Release|Any CPU
		{A88885C3-AE01-4B26-9D97-445C1EF68AB5}.Release|Any CPU.Build.0 = Release|Any CPU
		{E1067831-19E8-45A2-B1CD-8CEE7E628AFD}.Debug|Any CPU.ActiveCfg = Debug|Any CPU
		{E1067831-19E8-45A2-B1CD-8CEE7E628AFD}.Debug|Any CPU.Build.0 = Debug|Any CPU
		{E1067831-19E8-45A2-B1CD-8CEE7E628AFD}.Release|Any CPU.ActiveCfg = Release|Any CPU
		{E1067831-19E8-45A2-B1CD-8CEE7E628AFD}.Release|Any CPU.Build.0 = Release|Any CPU
		{A6DF9E53-58BB-4D12-9CCE-35CFA8B98161}.Debug|Any CPU.ActiveCfg = Debug|Any CPU
		{A6DF9E53-58BB-4D12-9CCE-35CFA8B98161}.Debug|Any CPU.Build.0 = Debug|Any CPU
		{A6DF9E53-58BB-4D12-9CCE-35CFA8B98161}.Release|Any CPU.ActiveCfg = Release|Any CPU
		{A6DF9E53-58BB-4D12-9CCE-35CFA8B98161}.Release|Any CPU.Build.0 = Release|Any CPU
		{968CD749-BAA7-46BA-BAD2-EB71AAE49248}.Debug|Any CPU.ActiveCfg = Debug|Any CPU
		{968CD749-BAA7-46BA-BAD2-EB71AAE49248}.Debug|Any CPU.Build.0 = Debug|Any CPU
		{968CD749-BAA7-46BA-BAD2-EB71AAE49248}.Release|Any CPU.ActiveCfg = Release|Any CPU
		{968CD749-BAA7-46BA-BAD2-EB71AAE49248}.Release|Any CPU.Build.0 = Release|Any CPU
		{0185FAE4-D7CB-4538-81F0-5C4F89A5E761}.Debug|Any CPU.ActiveCfg = Debug|Any CPU
		{0185FAE4-D7CB-4538-81F0-5C4F89A5E761}.Debug|Any CPU.Build.0 = Debug|Any CPU
		{0185FAE4-D7CB-4538-81F0-5C4F89A5E761}.Release|Any CPU.ActiveCfg = Release|Any CPU
		{0185FAE4-D7CB-4538-81F0-5C4F89A5E761}.Release|Any CPU.Build.0 = Release|Any CPU
		{4BF26696-0C15-49F1-8059-AE32FC678FBC}.Debug|Any CPU.ActiveCfg = Debug|Any CPU
		{4BF26696-0C15-49F1-8059-AE32FC678FBC}.Debug|Any CPU.Build.0 = Debug|Any CPU
		{4BF26696-0C15-49F1-8059-AE32FC678FBC}.Release|Any CPU.ActiveCfg = Release|Any CPU
		{4BF26696-0C15-49F1-8059-AE32FC678FBC}.Release|Any CPU.Build.0 = Release|Any CPU
		{032C9BA8-E0E3-48F5-A6F3-EDBCF6760F8A}.Debug|Any CPU.ActiveCfg = Debug|Any CPU
		{032C9BA8-E0E3-48F5-A6F3-EDBCF6760F8A}.Debug|Any CPU.Build.0 = Debug|Any CPU
		{032C9BA8-E0E3-48F5-A6F3-EDBCF6760F8A}.Release|Any CPU.ActiveCfg = Release|Any CPU
		{032C9BA8-E0E3-48F5-A6F3-EDBCF6760F8A}.Release|Any CPU.Build.0 = Release|Any CPU
		{5DE923C0-4AFF-4A35-811D-888C2F8748DE}.Debug|Any CPU.ActiveCfg = Debug|Any CPU
		{5DE923C0-4AFF-4A35-811D-888C2F8748DE}.Debug|Any CPU.Build.0 = Debug|Any CPU
		{5DE923C0-4AFF-4A35-811D-888C2F8748DE}.Release|Any CPU.ActiveCfg = Release|Any CPU
		{5DE923C0-4AFF-4A35-811D-888C2F8748DE}.Release|Any CPU.Build.0 = Release|Any CPU
		{C0BE349A-9E6E-4FF7-A9AE-6354AC43B293}.Debug|Any CPU.ActiveCfg = Debug|Any CPU
		{C0BE349A-9E6E-4FF7-A9AE-6354AC43B293}.Debug|Any CPU.Build.0 = Debug|Any CPU
		{C0BE349A-9E6E-4FF7-A9AE-6354AC43B293}.Release|Any CPU.ActiveCfg = Release|Any CPU
		{C0BE349A-9E6E-4FF7-A9AE-6354AC43B293}.Release|Any CPU.Build.0 = Release|Any CPU
		{035B2D02-F827-4D01-9A49-8A3E6EAE5A2E}.Debug|Any CPU.ActiveCfg = Debug|Any CPU
		{035B2D02-F827-4D01-9A49-8A3E6EAE5A2E}.Debug|Any CPU.Build.0 = Debug|Any CPU
		{035B2D02-F827-4D01-9A49-8A3E6EAE5A2E}.Release|Any CPU.ActiveCfg = Release|Any CPU
		{035B2D02-F827-4D01-9A49-8A3E6EAE5A2E}.Release|Any CPU.Build.0 = Release|Any CPU
		{E800BF28-3667-4A02-B30F-D453CB28BDD3}.Debug|Any CPU.ActiveCfg = Debug|Any CPU
		{E800BF28-3667-4A02-B30F-D453CB28BDD3}.Debug|Any CPU.Build.0 = Debug|Any CPU
		{E800BF28-3667-4A02-B30F-D453CB28BDD3}.Release|Any CPU.ActiveCfg = Release|Any CPU
		{E800BF28-3667-4A02-B30F-D453CB28BDD3}.Release|Any CPU.Build.0 = Release|Any CPU
		{59CA5BA2-A7DD-4315-A92A-B449E177823F}.Debug|Any CPU.ActiveCfg = Debug|Any CPU
		{59CA5BA2-A7DD-4315-A92A-B449E177823F}.Debug|Any CPU.Build.0 = Debug|Any CPU
		{59CA5BA2-A7DD-4315-A92A-B449E177823F}.Release|Any CPU.ActiveCfg = Release|Any CPU
		{59CA5BA2-A7DD-4315-A92A-B449E177823F}.Release|Any CPU.Build.0 = Release|Any CPU
	EndGlobalSection
	GlobalSection(SolutionProperties) = preSolution
		HideSolutionNode = FALSE
	EndGlobalSection
	GlobalSection(NestedProjects) = preSolution
		{1BB0D1A3-DA2A-4CAA-BF12-C2DF57808169} = {4E712D48-F284-4425-BD6F-F10AAAE496AC}
		{A88885C3-AE01-4B26-9D97-445C1EF68AB5} = {4E712D48-F284-4425-BD6F-F10AAAE496AC}
		{E1067831-19E8-45A2-B1CD-8CEE7E628AFD} = {4E712D48-F284-4425-BD6F-F10AAAE496AC}
		{A6DF9E53-58BB-4D12-9CCE-35CFA8B98161} = {4E712D48-F284-4425-BD6F-F10AAAE496AC}
		{968CD749-BAA7-46BA-BAD2-EB71AAE49248} = {4E712D48-F284-4425-BD6F-F10AAAE496AC}
		{0185FAE4-D7CB-4538-81F0-5C4F89A5E761} = {4E712D48-F284-4425-BD6F-F10AAAE496AC}
	EndGlobalSection
	GlobalSection(Performance) = preSolution
		HasPerformanceSessions = true
	EndGlobalSection
EndGlobal
